
Microsoft Visual Studio Solution File, Format Version 12.00
# Visual Studio Version 16
VisualStudioVersion = 16.0.30907.101
MinimumVisualStudioVersion = 10.0.40219.1
Project("{9A19103F-16F7-4668-BE54-9A1E7A4F7556}") = "zingmp3Solution.Data", "zingmp3Solution.Data\zingmp3Solution.Data.csproj", "{A9FD5D72-FE24-4BC5-A94F-281DF05099EF}"
EndProject
Project("{2150E333-8FDC-42A3-9474-1A3956D46DE8}") = "Solution Items", "Solution Items", "{566B7A67-7863-4B34-BD22-AC53240592DD}"
	ProjectSection(SolutionItems) = preProject
		README.md = README.md
	EndProjectSection
EndProject
Project("{9A19103F-16F7-4668-BE54-9A1E7A4F7556}") = "zingmp3Solution.Application", "zingmp3Solution.Application\zingmp3Solution.Application.csproj", "{562B51E4-E3F0-47DC-A3BF-B177FC1B6E66}"
EndProject
Project("{9A19103F-16F7-4668-BE54-9A1E7A4F7556}") = "zingmp3Solution.Dtos", "zingmp3Solution.Dtos\zingmp3Solution.Dtos.csproj", "{860017EF-B398-4879-B551-6119CD980D0B}"
EndProject
Project("{9A19103F-16F7-4668-BE54-9A1E7A4F7556}") = "zingmp3Solution.WebApi", "zingmp3Solution.WebApi\zingmp3Solution.WebApi.csproj", "{2082A80F-52DD-48EA-AC62-8913066F62BC}"
EndProject
Project("{FAE04EC0-301F-11D3-BF4B-00C04F79EFBC}") = "zingmp3Solution.Web", "zingmp3Solution.Web\zingmp3Solution.Web.csproj", "{2BADFBD1-D69E-4B2E-AA31-BE41711A8704}"
EndProject
Global
	GlobalSection(SolutionConfigurationPlatforms) = preSolution
		Debug|Any CPU = Debug|Any CPU
		Release|Any CPU = Release|Any CPU
	EndGlobalSection
	GlobalSection(ProjectConfigurationPlatforms) = postSolution
		{A9FD5D72-FE24-4BC5-A94F-281DF05099EF}.Debug|Any CPU.ActiveCfg = Debug|Any CPU
		{A9FD5D72-FE24-4BC5-A94F-281DF05099EF}.Debug|Any CPU.Build.0 = Debug|Any CPU
		{A9FD5D72-FE24-4BC5-A94F-281DF05099EF}.Release|Any CPU.ActiveCfg = Release|Any CPU
		{A9FD5D72-FE24-4BC5-A94F-281DF05099EF}.Release|Any CPU.Build.0 = Release|Any CPU
		{562B51E4-E3F0-47DC-A3BF-B177FC1B6E66}.Debug|Any CPU.ActiveCfg = Debug|Any CPU
		{562B51E4-E3F0-47DC-A3BF-B177FC1B6E66}.Debug|Any CPU.Build.0 = Debug|Any CPU
		{562B51E4-E3F0-47DC-A3BF-B177FC1B6E66}.Release|Any CPU.ActiveCfg = Release|Any CPU
		{562B51E4-E3F0-47DC-A3BF-B177FC1B6E66}.Release|Any CPU.Build.0 = Release|Any CPU
		{860017EF-B398-4879-B551-6119CD980D0B}.Debug|Any CPU.ActiveCfg = Debug|Any CPU
		{860017EF-B398-4879-B551-6119CD980D0B}.Debug|Any CPU.Build.0 = Debug|Any CPU
		{860017EF-B398-4879-B551-6119CD980D0B}.Release|Any CPU.ActiveCfg = Release|Any CPU
		{860017EF-B398-4879-B551-6119CD980D0B}.Release|Any CPU.Build.0 = Release|Any CPU
		{2082A80F-52DD-48EA-AC62-8913066F62BC}.Debug|Any CPU.ActiveCfg = Debug|Any CPU
		{2082A80F-52DD-48EA-AC62-8913066F62BC}.Debug|Any CPU.Build.0 = Debug|Any CPU
		{2082A80F-52DD-48EA-AC62-8913066F62BC}.Release|Any CPU.ActiveCfg = Release|Any CPU
		{2082A80F-52DD-48EA-AC62-8913066F62BC}.Release|Any CPU.Build.0 = Release|Any CPU
		{2BADFBD1-D69E-4B2E-AA31-BE41711A8704}.Debug|Any CPU.ActiveCfg = Debug|Any CPU
		{2BADFBD1-D69E-4B2E-AA31-BE41711A8704}.Debug|Any CPU.Build.0 = Debug|Any CPU
		{2BADFBD1-D69E-4B2E-AA31-BE41711A8704}.Release|Any CPU.ActiveCfg = Release|Any CPU
		{2BADFBD1-D69E-4B2E-AA31-BE41711A8704}.Release|Any CPU.Build.0 = Release|Any CPU
	EndGlobalSection
	GlobalSection(SolutionProperties) = preSolution
		HideSolutionNode = FALSE
	EndGlobalSection
	GlobalSection(ExtensibilityGlobals) = postSolution
		SolutionGuid = {40CF54CB-1B96-4EF8-86D8-6AC9AD26DE95}
	EndGlobalSection
EndGlobal
